// !$*UTF8*$!
{
	archiveVersion = 1;
	classes = {
	};
	objectVersion = 56;
	objects = {

/* Begin PBXBuildFile section */
		3EC9E9C02A2A4B5A0090D30D /* MovieApp.swift in Sources */ = {isa = PBXBuildFile; fileRef = 3EC9E9BF2A2A4B5A0090D30D /* MovieApp.swift */; };
		3EC9E9C22A2A4B5A0090D30D /* ContentView.swift in Sources */ = {isa = PBXBuildFile; fileRef = 3EC9E9C12A2A4B5A0090D30D /* ContentView.swift */; };
		3EC9E9C42A2A4B5A0090D30D /* Assets.xcassets in Resources */ = {isa = PBXBuildFile; fileRef = 3EC9E9C32A2A4B5A0090D30D /* Assets.xcassets */; };
		3EC9E9C72A2A4B5A0090D30D /* Preview Assets.xcassets in Resources */ = {isa = PBXBuildFile; fileRef = 3EC9E9C62A2A4B5A0090D30D /* Preview Assets.xcassets */; };
		3EC9E9D12A2A4B5B0090D30D /* MovieTests.swift in Sources */ = {isa = PBXBuildFile; fileRef = 3EC9E9D02A2A4B5B0090D30D /* MovieTests.swift */; };
		3EC9E9DB2A2A4B5B0090D30D /* MovieUITests.swift in Sources */ = {isa = PBXBuildFile; fileRef = 3EC9E9DA2A2A4B5B0090D30D /* MovieUITests.swift */; };
		3EC9E9DD2A2A4B5B0090D30D /* MovieUITestsLaunchTests.swift in Sources */ = {isa = PBXBuildFile; fileRef = 3EC9E9DC2A2A4B5B0090D30D /* MovieUITestsLaunchTests.swift */; };
/* End PBXBuildFile section */

/* Begin PBXContainerItemProxy section */
		3EC9E9CD2A2A4B5B0090D30D /* PBXContainerItemProxy */ = {
			isa = PBXContainerItemProxy;
			containerPortal = 3EC9E9B42A2A4B5A0090D30D /* Project object */;
			proxyType = 1;
			remoteGlobalIDString = 3EC9E9BB2A2A4B5A0090D30D;
			remoteInfo = Movie;
		};
		3EC9E9D72A2A4B5B0090D30D /* PBXContainerItemProxy */ = {
			isa = PBXContainerItemProxy;
			containerPortal = 3EC9E9B42A2A4B5A0090D30D /* Project object */;
			proxyType = 1;
			remoteGlobalIDString = 3EC9E9BB2A2A4B5A0090D30D;
			remoteInfo = Movie;
		};
/* End PBXContainerItemProxy section */

/* Begin PBXFileReference section */
		3EC9E9BC2A2A4B5A0090D30D /* Movie.app */ = {isa = PBXFileReference; explicitFileType = wrapper.application; includeInIndex = 0; path = Movie.app; sourceTree = BUILT_PRODUCTS_DIR; };
		3EC9E9BF2A2A4B5A0090D30D /* MovieApp.swift */ = {isa = PBXFileReference; lastKnownFileType = sourcecode.swift; path = MovieApp.swift; sourceTree = "<group>"; };
		3EC9E9C12A2A4B5A0090D30D /* ContentView.swift */ = {isa = PBXFileReference; lastKnownFileType = sourcecode.swift; path = ContentView.swift; sourceTree = "<group>"; };
		3EC9E9C32A2A4B5A0090D30D /* Assets.xcassets */ = {isa = PBXFileReference; lastKnownFileType = folder.assetcatalog; path = Assets.xcassets; sourceTree = "<group>"; };
		3EC9E9C62A2A4B5A0090D30D /* Preview Assets.xcassets */ = {isa = PBXFileReference; lastKnownFileType = folder.assetcatalog; path = "Preview Assets.xcassets"; sourceTree = "<group>"; };
		3EC9E9CC2A2A4B5B0090D30D /* MovieTests.xctest */ = {isa = PBXFileReference; explicitFileType = wrapper.cfbundle; includeInIndex = 0; path = MovieTests.xctest; sourceTree = BUILT_PRODUCTS_DIR; };
		3EC9E9D02A2A4B5B0090D30D /* MovieTests.swift */ = {isa = PBXFileReference; lastKnownFileType = sourcecode.swift; path = MovieTests.swift; sourceTree = "<group>"; };
		3EC9E9D62A2A4B5B0090D30D /* MovieUITests.xctest */ = {isa = PBXFileReference; explicitFileType = wrapper.cfbundle; includeInIndex = 0; path = MovieUITests.xctest; sourceTree = BUILT_PRODUCTS_DIR; };
		3EC9E9DA2A2A4B5B0090D30D /* MovieUITests.swift */ = {isa = PBXFileReference; lastKnownFileType = sourcecode.swift; path = MovieUITests.swift; sourceTree = "<group>"; };
		3EC9E9DC2A2A4B5B0090D30D /* MovieUITestsLaunchTests.swift */ = {isa = PBXFileReference; lastKnownFileType = sourcecode.swift; path = MovieUITestsLaunchTests.swift; sourceTree = "<group>"; };
/* End PBXFileReference section */

/* Begin PBXFrameworksBuildPhase section */
		3EC9E9B92A2A4B5A0090D30D /* Frameworks */ = {
			isa = PBXFrameworksBuildPhase;
			buildActionMask = 2147483647;
			files = (
			);
			runOnlyForDeploymentPostprocessing = 0;
		};
		3EC9E9C92A2A4B5B0090D30D /* Frameworks */ = {
			isa = PBXFrameworksBuildPhase;
			buildActionMask = 2147483647;
			files = (
			);
			runOnlyForDeploymentPostprocessing = 0;
		};
		3EC9E9D32A2A4B5B0090D30D /* Frameworks */ = {
			isa = PBXFrameworksBuildPhase;
			buildActionMask = 2147483647;
			files = (
			);
			runOnlyForDeploymentPostprocessing = 0;
		};
/* End PBXFrameworksBuildPhase section */

/* Begin PBXGroup section */
		3EC9E9B32A2A4B5A0090D30D = {
			isa = PBXGroup;
			children = (
				3EC9E9BE2A2A4B5A0090D30D /* Movie */,
				3EC9E9CF2A2A4B5B0090D30D /* MovieTests */,
				3EC9E9D92A2A4B5B0090D30D /* MovieUITests */,
				3EC9E9BD2A2A4B5A0090D30D /* Products */,
			);
			sourceTree = "<group>";
		};
		3EC9E9BD2A2A4B5A0090D30D /* Products */ = {
			isa = PBXGroup;
			children = (
				3EC9E9BC2A2A4B5A0090D30D /* Movie.app */,
				3EC9E9CC2A2A4B5B0090D30D /* MovieTests.xctest */,
				3EC9E9D62A2A4B5B0090D30D /* MovieUITests.xctest */,
			);
			name = Products;
			sourceTree = "<group>";
		};
		3EC9E9BE2A2A4B5A0090D30D /* Movie */ = {
			isa = PBXGroup;
			children = (
				3EC9E9BF2A2A4B5A0090D30D /* MovieApp.swift */,
				3EC9E9C12A2A4B5A0090D30D /* ContentView.swift */,
				3EC9E9C32A2A4B5A0090D30D /* Assets.xcassets */,
				3EC9E9C52A2A4B5A0090D30D /* Preview Content */,
			);
			path = Movie;
			sourceTree = "<group>";
		};
		3EC9E9C52A2A4B5A0090D30D /* Preview Content */ = {
			isa = PBXGroup;
			children = (
				3EC9E9C62A2A4B5A0090D30D /* Preview Assets.xcassets */,
			);
			path = "Preview Content";
			sourceTree = "<group>";
		};
		3EC9E9CF2A2A4B5B0090D30D /* MovieTests */ = {
			isa = PBXGroup;
			children = (
				3EC9E9D02A2A4B5B0090D30D /* MovieTests.swift */,
			);
			path = MovieTests;
			sourceTree = "<group>";
		};
		3EC9E9D92A2A4B5B0090D30D /* MovieUITests */ = {
			isa = PBXGroup;
			children = (
				3EC9E9DA2A2A4B5B0090D30D /* MovieUITests.swift */,
				3EC9E9DC2A2A4B5B0090D30D /* MovieUITestsLaunchTests.swift */,
			);
			path = MovieUITests;
			sourceTree = "<group>";
		};
/* End PBXGroup section */

/* Begin PBXNativeTarget section */
		3EC9E9BB2A2A4B5A0090D30D /* Movie */ = {
			isa = PBXNativeTarget;
			buildConfigurationList = 3EC9E9E02A2A4B5B0090D30D /* Build configuration list for PBXNativeTarget "Movie" */;
			buildPhases = (
				3EC9E9B82A2A4B5A0090D30D /* Sources */,
				3EC9E9B92A2A4B5A0090D30D /* Frameworks */,
				3EC9E9BA2A2A4B5A0090D30D /* Resources */,
			);
			buildRules = (
			);
			dependencies = (
			);
			name = Movie;
			productName = Movie;
			productReference = 3EC9E9BC2A2A4B5A0090D30D /* Movie.app */;
			productType = "com.apple.product-type.application";
		};
		3EC9E9CB2A2A4B5B0090D30D /* MovieTests */ = {
			isa = PBXNativeTarget;
			buildConfigurationList = 3EC9E9E32A2A4B5B0090D30D /* Build configuration list for PBXNativeTarget "MovieTests" */;
			buildPhases = (
				3EC9E9C82A2A4B5B0090D30D /* Sources */,
				3EC9E9C92A2A4B5B0090D30D /* Frameworks */,
				3EC9E9CA2A2A4B5B0090D30D /* Resources */,
			);
			buildRules = (
			);
			dependencies = (
				3EC9E9CE2A2A4B5B0090D30D /* PBXTargetDependency */,
			);
			name = MovieTests;
			productName = MovieTests;
			productReference = 3EC9E9CC2A2A4B5B0090D30D /* MovieTests.xctest */;
			productType = "com.apple.product-type.bundle.unit-test";
		};
		3EC9E9D52A2A4B5B0090D30D /* MovieUITests */ = {
			isa = PBXNativeTarget;
			buildConfigurationList = 3EC9E9E62A2A4B5B0090D30D /* Build configuration list for PBXNativeTarget "MovieUITests" */;
			buildPhases = (
				3EC9E9D22A2A4B5B0090D30D /* Sources */,
				3EC9E9D32A2A4B5B0090D30D /* Frameworks */,
				3EC9E9D42A2A4B5B0090D30D /* Resources */,
			);
			buildRules = (
			);
			dependencies = (
				3EC9E9D82A2A4B5B0090D30D /* PBXTargetDependency */,
			);
			name = MovieUITests;
			productName = MovieUITests;
			productReference = 3EC9E9D62A2A4B5B0090D30D /* MovieUITests.xctest */;
			productType = "com.apple.product-type.bundle.ui-testing";
		};
/* End PBXNativeTarget section */

/* Begin PBXProject section */
		3EC9E9B42A2A4B5A0090D30D /* Project object */ = {
			isa = PBXProject;
			attributes = {
				BuildIndependentTargetsInParallel = 1;
				LastSwiftUpdateCheck = 1430;
				LastUpgradeCheck = 1430;
				TargetAttributes = {
					3EC9E9BB2A2A4B5A0090D30D = {
						CreatedOnToolsVersion = 14.3;
					};
					3EC9E9CB2A2A4B5B0090D30D = {
						CreatedOnToolsVersion = 14.3;
						TestTargetID = 3EC9E9BB2A2A4B5A0090D30D;
					};
					3EC9E9D52A2A4B5B0090D30D = {
						CreatedOnToolsVersion = 14.3;
						TestTargetID = 3EC9E9BB2A2A4B5A0090D30D;
					};
				};
			};
			buildConfigurationList = 3EC9E9B72A2A4B5A0090D30D /* Build configuration list for PBXProject "Movie" */;
			compatibilityVersion = "Xcode 14.0";
			developmentRegion = en;
			hasScannedForEncodings = 0;
			knownRegions = (
				en,
				Base,
			);
			mainGroup = 3EC9E9B32A2A4B5A0090D30D;
			productRefGroup = 3EC9E9BD2A2A4B5A0090D30D /* Products */;
			projectDirPath = "";
			projectRoot = "";
			targets = (
				3EC9E9BB2A2A4B5A0090D30D /* Movie */,
				3EC9E9CB2A2A4B5B0090D30D /* MovieTests */,
				3EC9E9D52A2A4B5B0090D30D /* MovieUITests */,
			);
		};
/* End PBXProject section */

/* Begin PBXResourcesBuildPhase section */
		3EC9E9BA2A2A4B5A0090D30D /* Resources */ = {
			isa = PBXResourcesBuildPhase;
			buildActionMask = 2147483647;
			files = (
				3EC9E9C72A2A4B5A0090D30D /* Preview Assets.xcassets in Resources */,
				3EC9E9C42A2A4B5A0090D30D /* Assets.xcassets in Resources */,
			);
			runOnlyForDeploymentPostprocessing = 0;
		};
		3EC9E9CA2A2A4B5B0090D30D /* Resources */ = {
			isa = PBXResourcesBuildPhase;
			buildActionMask = 2147483647;
			files = (
			);
			runOnlyForDeploymentPostprocessing = 0;
		};
		3EC9E9D42A2A4B5B0090D30D /* Resources */ = {
			isa = PBXResourcesBuildPhase;
			buildActionMask = 2147483647;
			files = (
			);
			runOnlyForDeploymentPostprocessing = 0;
		};
/* End PBXResourcesBuildPhase section */

/* Begin PBXSourcesBuildPhase section */
		3EC9E9B82A2A4B5A0090D30D /* Sources */ = {
			isa = PBXSourcesBuildPhase;
			buildActionMask = 2147483647;
			files = (
				3EC9E9C22A2A4B5A0090D30D /* ContentView.swift in Sources */,
				3EC9E9C02A2A4B5A0090D30D /* MovieApp.swift in Sources */,
			);
			runOnlyForDeploymentPostprocessing = 0;
		};
		3EC9E9C82A2A4B5B0090D30D /* Sources */ = {
			isa = PBXSourcesBuildPhase;
			buildActionMask = 2147483647;
			files = (
				3EC9E9D12A2A4B5B0090D30D /* MovieTests.swift in Sources */,
			);
			runOnlyForDeploymentPostprocessing = 0;
		};
		3EC9E9D22A2A4B5B0090D30D /* Sources */ = {
			isa = PBXSourcesBuildPhase;
			buildActionMask = 2147483647;
			files = (
				3EC9E9DB2A2A4B5B0090D30D /* MovieUITests.swift in Sources */,
				3EC9E9DD2A2A4B5B0090D30D /* MovieUITestsLaunchTests.swift in Sources */,
			);
			runOnlyForDeploymentPostprocessing = 0;
		};
/* End PBXSourcesBuildPhase section */

/* Begin PBXTargetDependency section */
		3EC9E9CE2A2A4B5B0090D30D /* PBXTargetDependency */ = {
			isa = PBXTargetDependency;
			target = 3EC9E9BB2A2A4B5A0090D30D /* Movie */;
			targetProxy = 3EC9E9CD2A2A4B5B0090D30D /* PBXContainerItemProxy */;
		};
		3EC9E9D82A2A4B5B0090D30D /* PBXTargetDependency */ = {
			isa = PBXTargetDependency;
			target = 3EC9E9BB2A2A4B5A0090D30D /* Movie */;
			targetProxy = 3EC9E9D72A2A4B5B0090D30D /* PBXContainerItemProxy */;
		};
/* End PBXTargetDependency section */

/* Begin XCBuildConfiguration section */
		3EC9E9DE2A2A4B5B0090D30D /* Debug */ = {
			isa = XCBuildConfiguration;
			buildSettings = {
				ALWAYS_SEARCH_USER_PATHS = NO;
				CLANG_ANALYZER_NONNULL = YES;
				CLANG_ANALYZER_NUMBER_OBJECT_CONVERSION = YES_AGGRESSIVE;
				CLANG_CXX_LANGUAGE_STANDARD = "gnu++20";
				CLANG_ENABLE_MODULES = YES;
				CLANG_ENABLE_OBJC_ARC = YES;
				CLANG_ENABLE_OBJC_WEAK = YES;
				CLANG_WARN_BLOCK_CAPTURE_AUTORELEASING = YES;
				CLANG_WARN_BOOL_CONVERSION = YES;
				CLANG_WARN_COMMA = YES;
				CLANG_WARN_CONSTANT_CONVERSION = YES;
				CLANG_WARN_DEPRECATED_OBJC_IMPLEMENTATIONS = YES;
				CLANG_WARN_DIRECT_OBJC_ISA_USAGE = YES_ERROR;
				CLANG_WARN_DOCUMENTATION_COMMENTS = YES;
				CLANG_WARN_EMPTY_BODY = YES;
				CLANG_WARN_ENUM_CONVERSION = YES;
				CLANG_WARN_INFINITE_RECURSION = YES;
				CLANG_WARN_INT_CONVERSION = YES;
				CLANG_WARN_NON_LITERAL_NULL_CONVERSION = YES;
				CLANG_WARN_OBJC_IMPLICIT_RETAIN_SELF = YES;
				CLANG_WARN_OBJC_LITERAL_CONVERSION = YES;
				CLANG_WARN_OBJC_ROOT_CLASS = YES_ERROR;
				CLANG_WARN_QUOTED_INCLUDE_IN_FRAMEWORK_HEADER = YES;
				CLANG_WARN_RANGE_LOOP_ANALYSIS = YES;
				CLANG_WARN_STRICT_PROTOTYPES = YES;
				CLANG_WARN_SUSPICIOUS_MOVE = YES;
				CLANG_WARN_UNGUARDED_AVAILABILITY = YES_AGGRESSIVE;
				CLANG_WARN_UNREACHABLE_CODE = YES;
				CLANG_WARN__DUPLICATE_METHOD_MATCH = YES;
				COPY_PHASE_STRIP = NO;
				DEBUG_INFORMATION_FORMAT = dwarf;
				ENABLE_STRICT_OBJC_MSGSEND = YES;
				ENABLE_TESTABILITY = YES;
				GCC_C_LANGUAGE_STANDARD = gnu11;
				GCC_DYNAMIC_NO_PIC = NO;
				GCC_NO_COMMON_BLOCKS = YES;
				GCC_OPTIMIZATION_LEVEL = 0;
				GCC_PREPROCESSOR_DEFINITIONS = (
					"DEBUG=1",
					"$(inherited)",
				);
				GCC_WARN_64_TO_32_BIT_CONVERSION = YES;
				GCC_WARN_ABOUT_RETURN_TYPE = YES_ERROR;
				GCC_WARN_UNDECLARED_SELECTOR = YES;
				GCC_WARN_UNINITIALIZED_AUTOS = YES_AGGRESSIVE;
				GCC_WARN_UNUSED_FUNCTION = YES;
				GCC_WARN_UNUSED_VARIABLE = YES;
				IPHONEOS_DEPLOYMENT_TARGET = 16.4;
				MTL_ENABLE_DEBUG_INFO = INCLUDE_SOURCE;
				MTL_FAST_MATH = YES;
				ONLY_ACTIVE_ARCH = YES;
				SDKROOT = iphoneos;
				SWIFT_ACTIVE_COMPILATION_CONDITIONS = DEBUG;
				SWIFT_OPTIMIZATION_LEVEL = "-Onone";
			};
			name = Debug;
		};
		3EC9E9DF2A2A4B5B0090D30D /* Release */ = {
			isa = XCBuildConfiguration;
			buildSettings = {
				ALWAYS_SEARCH_USER_PATHS = NO;
				CLANG_ANALYZER_NONNULL = YES;
				CLANG_ANALYZER_NUMBER_OBJECT_CONVERSION = YES_AGGRESSIVE;
				CLANG_CXX_LANGUAGE_STANDARD = "gnu++20";
				CLANG_ENABLE_MODULES = YES;
				CLANG_ENABLE_OBJC_ARC = YES;
				CLANG_ENABLE_OBJC_WEAK = YES;
				CLANG_WARN_BLOCK_CAPTURE_AUTORELEASING = YES;
				CLANG_WARN_BOOL_CONVERSION = YES;
				CLANG_WARN_COMMA = YES;
				CLANG_WARN_CONSTANT_CONVERSION = YES;
				CLANG_WARN_DEPRECATED_OBJC_IMPLEMENTATIONS = YES;
				CLANG_WARN_DIRECT_OBJC_ISA_USAGE = YES_ERROR;
				CLANG_WARN_DOCUMENTATION_COMMENTS = YES;
				CLANG_WARN_EMPTY_BODY = YES;
				CLANG_WARN_ENUM_CONVERSION = YES;
				CLANG_WARN_INFINITE_RECURSION = YES;
				CLANG_WARN_INT_CONVERSION = YES;
				CLANG_WARN_NON_LITERAL_NULL_CONVERSION = YES;
				CLANG_WARN_OBJC_IMPLICIT_RETAIN_SELF = YES;
				CLANG_WARN_OBJC_LITERAL_CONVERSION = YES;
				CLANG_WARN_OBJC_ROOT_CLASS = YES_ERROR;
				CLANG_WARN_QUOTED_INCLUDE_IN_FRAMEWORK_HEADER = YES;
				CLANG_WARN_RANGE_LOOP_ANALYSIS = YES;
				CLANG_WARN_STRICT_PROTOTYPES = YES;
				CLANG_WARN_SUSPICIOUS_MOVE = YES;
				CLANG_WARN_UNGUARDED_AVAILABILITY = YES_AGGRESSIVE;
				CLANG_WARN_UNREACHABLE_CODE = YES;
				CLANG_WARN__DUPLICATE_METHOD_MATCH = YES;
				COPY_PHASE_STRIP = NO;
				DEBUG_INFORMATION_FORMAT = "dwarf-with-dsym";
				ENABLE_NS_ASSERTIONS = NO;
				ENABLE_STRICT_OBJC_MSGSEND = YES;
				GCC_C_LANGUAGE_STANDARD = gnu11;
				GCC_NO_COMMON_BLOCKS = YES;
				GCC_WARN_64_TO_32_BIT_CONVERSION = YES;
				GCC_WARN_ABOUT_RETURN_TYPE = YES_ERROR;
				GCC_WARN_UNDECLARED_SELECTOR = YES;
				GCC_WARN_UNINITIALIZED_AUTOS = YES_AGGRESSIVE;
				GCC_WARN_UNUSED_FUNCTION = YES;
				GCC_WARN_UNUSED_VARIABLE = YES;
				IPHONEOS_DEPLOYMENT_TARGET = 16.4;
				MTL_ENABLE_DEBUG_INFO = NO;
				MTL_FAST_MATH = YES;
				SDKROOT = iphoneos;
				SWIFT_COMPILATION_MODE = wholemodule;
				SWIFT_OPTIMIZATION_LEVEL = "-O";
				VALIDATE_PRODUCT = YES;
			};
			name = Release;
		};
		3EC9E9E12A2A4B5B0090D30D /* Debug */ = {
			isa = XCBuildConfiguration;
			buildSettings = {
				ASSETCATALOG_COMPILER_APPICON_NAME = AppIcon;
				ASSETCATALOG_COMPILER_GLOBAL_ACCENT_COLOR_NAME = AccentColor;
				CODE_SIGN_STYLE = Automatic;
				CURRENT_PROJECT_VERSION = 1;
				DEVELOPMENT_ASSET_PATHS = "\"Movie/Preview Content\"";
				DEVELOPMENT_TEAM = T74HYBPW22;
				ENABLE_PREVIEWS = YES;
				GENERATE_INFOPLIST_FILE = YES;
				INFOPLIST_KEY_UIApplicationSceneManifest_Generation = YES;
				INFOPLIST_KEY_UIApplicationSupportsIndirectInputEvents = YES;
				INFOPLIST_KEY_UILaunchScreen_Generation = YES;
				INFOPLIST_KEY_UISupportedInterfaceOrientations_iPad = "UIInterfaceOrientationPortrait UIInterfaceOrientationPortraitUpsideDown UIInterfaceOrientationLandscapeLeft UIInterfaceOrientationLandscapeRight";
				INFOPLIST_KEY_UISupportedInterfaceOrientations_iPhone = "UIInterfaceOrientationPortrait UIInterfaceOrientationLandscapeLeft UIInterfaceOrientationLandscapeRight";
				LD_RUNPATH_SEARCH_PATHS = (
					"$(inherited)",
					"@executable_path/Frameworks",
				);
				MARKETING_VERSION = 1.0;
				PRODUCT_BUNDLE_IDENTIFIER = ettari.simona.Movie;
				PRODUCT_NAME = "$(TARGET_NAME)";
				SWIFT_EMIT_LOC_STRINGS = YES;
				SWIFT_VERSION = 5.0;
				TARGETED_DEVICE_FAMILY = "1,2";
			};
			name = Debug;
		};
		3EC9E9E22A2A4B5B0090D30D /* Release */ = {
			isa = XCBuildConfiguration;
			buildSettings = {
				ASSETCATALOG_COMPILER_APPICON_NAME = AppIcon;
				ASSETCATALOG_COMPILER_GLOBAL_ACCENT_COLOR_NAME = AccentColor;
				CODE_SIGN_STYLE = Automatic;
				CURRENT_PROJECT_VERSION = 1;
				DEVELOPMENT_ASSET_PATHS = "\"Movie/Preview Content\"";
				DEVELOPMENT_TEAM = T74HYBPW22;
				ENABLE_PREVIEWS = YES;
				GENERATE_INFOPLIST_FILE = YES;
				INFOPLIST_KEY_UIApplicationSceneManifest_Generation = YES;
				INFOPLIST_KEY_UIApplicationSupportsIndirectInputEvents = YES;
				INFOPLIST_KEY_UILaunchScreen_Generation = YES;
				INFOPLIST_KEY_UISupportedInterfaceOrientations_iPad = "UIInterfaceOrientationPortrait UIInterfaceOrientationPortraitUpsideDown UIInterfaceOrientationLandscapeLeft UIInterfaceOrientationLandscapeRight";
				INFOPLIST_KEY_UISupportedInterfaceOrientations_iPhone = "UIInterfaceOrientationPortrait UIInterfaceOrientationLandscapeLeft UIInterfaceOrientationLandscapeRight";
				LD_RUNPATH_SEARCH_PATHS = (
					"$(inherited)",
					"@executable_path/Frameworks",
				);
				MARKETING_VERSION = 1.0;
				PRODUCT_BUNDLE_IDENTIFIER = ettari.simona.Movie;
				PRODUCT_NAME = "$(TARGET_NAME)";
				SWIFT_EMIT_LOC_STRINGS = YES;
				SWIFT_VERSION = 5.0;
				TARGETED_DEVICE_FAMILY = "1,2";
			};
			name = Release;
		};
		3EC9E9E42A2A4B5B0090D30D /* Debug */ = {
			isa = XCBuildConfiguration;
			buildSettings = {
				ALWAYS_EMBED_SWIFT_STANDARD_LIBRARIES = YES;
				BUNDLE_LOADER = "$(TEST_HOST)";
				CODE_SIGN_STYLE = Automatic;
				CURRENT_PROJECT_VERSION = 1;
				DEVELOPMENT_TEAM = T74HYBPW22;
				GENERATE_INFOPLIST_FILE = YES;
				IPHONEOS_DEPLOYMENT_TARGET = 16.4;
				MARKETING_VERSION = 1.0;
				PRODUCT_BUNDLE_IDENTIFIER = ettari.simona.MovieTests;
				PRODUCT_NAME = "$(TARGET_NAME)";
				SWIFT_EMIT_LOC_STRINGS = NO;
				SWIFT_VERSION = 5.0;
				TARGETED_DEVICE_FAMILY = "1,2";
				TEST_HOST = "$(BUILT_PRODUCTS_DIR)/Movie.app/$(BUNDLE_EXECUTABLE_FOLDER_PATH)/Movie";
			};
			name = Debug;
		};
		3EC9E9E52A2A4B5B0090D30D /* Release */ = {
			isa = XCBuildConfiguration;
			buildSettings = {
				ALWAYS_EMBED_SWIFT_STANDARD_LIBRARIES = YES;
				BUNDLE_LOADER = "$(TEST_HOST)";
				CODE_SIGN_STYLE = Automatic;
				CURRENT_PROJECT_VERSION = 1;
				DEVELOPMENT_TEAM = T74HYBPW22;
				GENERATE_INFOPLIST_FILE = YES;
				IPHONEOS_DEPLOYMENT_TARGET = 16.4;
				MARKETING_VERSION = 1.0;
				PRODUCT_BUNDLE_IDENTIFIER = ettari.simona.MovieTests;
				PRODUCT_NAME = "$(TARGET_NAME)";
				SWIFT_EMIT_LOC_STRINGS = NO;
				SWIFT_VERSION = 5.0;
				TARGETED_DEVICE_FAMILY = "1,2";
				TEST_HOST = "$(BUILT_PRODUCTS_DIR)/Movie.app/$(BUNDLE_EXECUTABLE_FOLDER_PATH)/Movie";
			};
			name = Release;
		};
		3EC9E9E72A2A4B5B0090D30D /* Debug */ = {
			isa = XCBuildConfiguration;
			buildSettings = {
				ALWAYS_EMBED_SWIFT_STANDARD_LIBRARIES = YES;
				CODE_SIGN_STYLE = Automatic;
				CURRENT_PROJECT_VERSION = 1;
				DEVELOPMENT_TEAM = T74HYBPW22;
				GENERATE_INFOPLIST_FILE = YES;
				MARKETING_VERSION = 1.0;
				PRODUCT_BUNDLE_IDENTIFIER = ettari.simona.MovieUITests;
				PRODUCT_NAME = "$(TARGET_NAME)";
				SWIFT_EMIT_LOC_STRINGS = NO;
				SWIFT_VERSION = 5.0;
				TARGETED_DEVICE_FAMILY = "1,2";
				TEST_TARGET_NAME = Movie;
			};
			name = Debug;
		};
		3EC9E9E82A2A4B5B0090D30D /* Release */ = {
			isa = XCBuildConfiguration;
			buildSettings = {
				ALWAYS_EMBED_SWIFT_STANDARD_LIBRARIES = YES;
				CODE_SIGN_STYLE = Automatic;
				CURRENT_PROJECT_VERSION = 1;
				DEVELOPMENT_TEAM = T74HYBPW22;
				GENERATE_INFOPLIST_FILE = YES;
				MARKETING_VERSION = 1.0;
				PRODUCT_BUNDLE_IDENTIFIER = ettari.simona.MovieUITests;
				PRODUCT_NAME = "$(TARGET_NAME)";
				SWIFT_EMIT_LOC_STRINGS = NO;
				SWIFT_VERSION = 5.0;
				TARGETED_DEVICE_FAMILY = "1,2";
				TEST_TARGET_NAME = Movie;
			};
			name = Release;
		};
/* End XCBuildConfiguration section */

/* Begin XCConfigurationList section */
		3EC9E9B72A2A4B5A0090D30D /* Build configuration list for PBXProject "Movie" */ = {
			isa = XCConfigurationList;
			buildConfigurations = (
				3EC9E9DE2A2A4B5B0090D30D /* Debug */,
				3EC9E9DF2A2A4B5B0090D30D /* Release */,
			);
			defaultConfigurationIsVisible = 0;
			defaultConfigurationName = Release;
		};
		3EC9E9E02A2A4B5B0090D30D /* Build configuration list for PBXNativeTarget "Movie" */ = {
			isa = XCConfigurationList;
			buildConfigurations = (
				3EC9E9E12A2A4B5B0090D30D /* Debug */,
				3EC9E9E22A2A4B5B0090D30D /* Release */,
			);
			defaultConfigurationIsVisible = 0;
			defaultConfigurationName = Release;
		};
		3EC9E9E32A2A4B5B0090D30D /* Build configuration list for PBXNativeTarget "MovieTests" */ = {
			isa = XCConfigurationList;
			buildConfigurations = (
				3EC9E9E42A2A4B5B0090D30D /* Debug */,
				3EC9E9E52A2A4B5B0090D30D /* Release */,
			);
			defaultConfigurationIsVisible = 0;
			defaultConfigurationName = Release;
		};
		3EC9E9E62A2A4B5B0090D30D /* Build configuration list for PBXNativeTarget "MovieUITests" */ = {
			isa = XCConfigurationList;
			buildConfigurations = (
				3EC9E9E72A2A4B5B0090D30D /* Debug */,
				3EC9E9E82A2A4B5B0090D30D /* Release */,
			);
			defaultConfigurationIsVisible = 0;
			defaultConfigurationName = Release;
		};
/* End XCConfigurationList section */
	};
	rootObject = 3EC9E9B42A2A4B5A0090D30D /* Project object */;
}
